
Microsoft Visual Studio Solution File, Format Version 12.00
# Visual Studio Version 16
VisualStudioVersion = 16.0.31005.135
MinimumVisualStudioVersion = 10.0.40219.1
Project("{FAE04EC0-301F-11D3-BF4B-00C04F79EFBC}") = "MovieNight", "MovieNight\MovieNight.csproj", "{1BCB3768-A8FA-4404-AE19-08FF181FEDC6}"
EndProject
Global
	GlobalSection(SolutionConfigurationPlatforms) = preSolution
		Debug|Any CPU = Debug|Any CPU
		Release|Any CPU = Release|Any CPU
	EndGlobalSection
	GlobalSection(ProjectConfigurationPlatforms) = postSolution
		{1BCB3768-A8FA-4404-AE19-08FF181FEDC6}.Debug|Any CPU.ActiveCfg = Debug|Any CPU
		{1BCB3768-A8FA-4404-AE19-08FF181FEDC6}.Debug|Any CPU.Build.0 = Debug|Any CPU
		{1BCB3768-A8FA-4404-AE19-08FF181FEDC6}.Release|Any CPU.ActiveCfg = Release|Any CPU
		{1BCB3768-A8FA-4404-AE19-08FF181FEDC6}.Release|Any CPU.Build.0 = Release|Any CPU
	EndGlobalSection
	GlobalSection(SolutionProperties) = preSolution
		HideSolutionNode = FALSE
	EndGlobalSection
	GlobalSection(ExtensibilityGlobals) = postSolution
		SolutionGuid = {10C93E38-F777-4A5F-AEDF-86C89F869736}
	EndGlobalSection
EndGlobal
